<?xml version="1.0" encoding="utf-8"?>
<Project ToolsVersion="4.0" xmlns="http://schemas.microsoft.com/developer/msbuild/2003">
  <ItemGroup>
    <Filter Include="Obligatorio">
      <UniqueIdentifier>{288f1f99-c3c9-4721-83c2-89f1e1834f2d}</UniqueIdentifier>
    </Filter>
    <Filter Include="Obligatorio\Pruebas">
      <UniqueIdentifier>{ec6ed5e1-1060-4607-b4f7-9efbc68609a8}</UniqueIdentifier>
    </Filter>
    <Filter Include="Obligatorio\Interfaces">
      <UniqueIdentifier>{2a4b271d-48c4-419b-ad77-37e36699f80c}</UniqueIdentifier>
    </Filter>
    <Filter Include="Implementacion">
      <UniqueIdentifier>{5f63c92d-1635-4d7e-a513-4bf82e999fe4}</UniqueIdentifier>
    </Filter>
    <Filter Include="Implementacion\Tads">
      <UniqueIdentifier>{dbba3574-390f-48f9-ac1c-47e7674383f7}</UniqueIdentifier>
    </Filter>
    <Filter Include="Implementacion\Tads\Tabla">
      <UniqueIdentifier>{78ef1dad-fabb-4569-a015-c450d0d2e374}</UniqueIdentifier>
    </Filter>
    <Filter Include="Implementacion\Tads\Tabla\Hash abierto">
      <UniqueIdentifier>{1e9629fb-7fe8-469c-9673-0d32c02f8074}</UniqueIdentifier>
    </Filter>
    <Filter Include="Implementacion\Tads\Tabla\Hash cerrado">
      <UniqueIdentifier>{cbe26b60-f282-4c91-b50b-6c27dd27732d}</UniqueIdentifier>
    </Filter>
    <Filter Include="Implementacion\Tads\ListaOrdenada">
      <UniqueIdentifier>{90f16339-5089-41b3-9b12-5141967f1c89}</UniqueIdentifier>
    </Filter>
    <Filter Include="Implementacion\Tads\Funcion Hash">
      <UniqueIdentifier>{de08714a-3a20-45f1-84bc-408de257ca1d}</UniqueIdentifier>
    </Filter>
  </ItemGroup>
  <ItemGroup>
    <ClCompile Include="CasoDePrueba.cpp">
      <Filter>Obligatorio\Pruebas</Filter>
    </ClCompile>
    <ClCompile Include="main.cpp">
      <Filter>Implementacion</Filter>
    </ClCompile>
    <ClCompile Include="Sistema.cpp">
      <Filter>Implementacion</Filter>
    </ClCompile>
    <ClCompile Include="SistemaTemplates.cpp">
      <Filter>Implementacion</Filter>
    </ClCompile>
    <ClCompile Include="ListaEncadenadaImp.cpp">
      <Filter>Implementacion\Tads\ListaOrdenada</Filter>
    </ClCompile>
    <ClCompile Include="ListaEncadenadaIteracion.cpp">
      <Filter>Implementacion\Tads\ListaOrdenada</Filter>
    </ClCompile>
    <ClCompile Include="HashAbiertoImpl.cpp">
      <Filter>Implementacion\Tads\Tabla\Hash abierto</Filter>
    </ClCompile>
    <ClCompile Include="ComparacionTuplaKV.cpp">
      <Filter>Implementacion\Tads\ListaOrdenada</Filter>
    </ClCompile>
    <ClCompile Include="HashCerradoImpl.cpp">
      <Filter>Implementacion\Tads\Tabla\Hash cerrado</Filter>
    </ClCompile>
    <ClCompile Include="TablaIteracion.cpp">
      <Filter>Implementacion\Tads\Tabla\Hash abierto</Filter>
    </ClCompile>
    <ClCompile Include="HashCerradoIteracion.cpp">
      <Filter>Implementacion\Tads\Tabla\Hash cerrado</Filter>
    </ClCompile>
    <ClCompile Include="CadenaHash.cpp" />
    <ClCompile Include="ListaEncadenada.cpp" />
    <ClCompile Include="NodoTablaComparacion.cpp">
      <Filter>Implementacion</Filter>
    </ClCompile>
  </ItemGroup>
  <ItemGroup>
    <ClInclude Include="CasoDePrueba.h">
      <Filter>Obligatorio\Pruebas</Filter>
    </ClInclude>
    <ClInclude Include="Sistema.h">
      <Filter>Implementacion</Filter>
    </ClInclude>
    <ClInclude Include="NodoArbol.h">
      <Filter>Implementacion</Filter>
    </ClInclude>
    <ClInclude Include="Tabla.h">
      <Filter>Implementacion\Tads\Tabla</Filter>
    </ClInclude>
    <ClInclude Include="ListaEncadenadaImp.h">
      <Filter>Implementacion\Tads\ListaOrdenada</Filter>
    </ClInclude>
    <ClInclude Include="ListaEncadenadaIteracion.h">
      <Filter>Implementacion\Tads\ListaOrdenada</Filter>
    </ClInclude>
    <ClInclude Include="ListaOrd.h">
      <Filter>Implementacion\Tads\ListaOrdenada</Filter>
    </ClInclude>
    <ClInclude Include="HashAbiertoImpl.h">
      <Filter>Implementacion\Tads\Tabla\Hash abierto</Filter>
    </ClInclude>
    <ClInclude Include="NodoLista.h" />
    <ClInclude Include="ComparacionTuplaKV.h">
      <Filter>Implementacion\Tads\ListaOrdenada</Filter>
    </ClInclude>
    <ClInclude Include="HashCerradoImpl.h">
      <Filter>Implementacion\Tads\Tabla\Hash cerrado</Filter>
    </ClInclude>
    <ClInclude Include="TablaIteracion.h">
      <Filter>Implementacion\Tads\Tabla\Hash abierto</Filter>
    </ClInclude>
    <ClInclude Include="HashCerradoIteracion.h">
      <Filter>Implementacion\Tads\Tabla\Hash cerrado</Filter>
    </ClInclude>
    <ClInclude Include="CadenaHash.h" />
    <ClInclude Include="ListaEncadenada.h" />
    <ClInclude Include="Nodo.h" />
    <ClInclude Include="Lista.h" />
    <ClInclude Include="NodoTabla.h">
      <Filter>Implementacion\Tads\Tabla\Hash abierto</Filter>
    </ClInclude>
    <ClInclude Include="NodoTablaComparacion.h">
      <Filter>Implementacion</Filter>
    </ClInclude>
  </ItemGroup>
  <ItemGroup>
    <None Include="diccionario" />
  </ItemGroup>
</Project>